gobasics.dev/env v0.0.0-20191002054050-d35e6b128d12 h1:LeIqXY+g1gEJKh3MghqbvGA+89R8yFDIGxbDPTRf3SU=
gobasics.dev/env v0.0.0-20191002054050-d35e6b128d12/go.mod h1:G0jxdABUiWQR44K6Aw3SCTjlSsF0XSfDTKZxdsr0W6Y=
gobasics.dev/log v0.0.0-20190929222556-f8d1d811a177 h1:uvZFdNTiFyHHO7kDtmlUSuaPuJK+evD7/TMxkN5JC6g=
gobasics.dev/log v0.0.0-20190929222556-f8d1d811a177/go.mod h1:ya2sQ1dN3+UOQ7SEz02ayaXtNcduafco80LwScARGxU=
